
Microsoft Visual Studio Solution File, Format Version 12.00
# Visual Studio Version 17
VisualStudioVersion = 17.14.36109.1 d17.14
MinimumVisualStudioVersion = 10.0.40219.1
Project("{FAE04EC0-301F-11D3-BF4B-00C04F79EFBC}") = "junmidsenApp", "junmidsenApp\junmidsenApp.csproj", "{DAABF672-844B-4BA1-BC7E-B5D461B01589}"
EndProject
Global
	GlobalSection(SolutionConfigurationPlatforms) = preSolution
		Debug|Any CPU = Debug|Any CPU
		Release|Any CPU = Release|Any CPU
	EndGlobalSection
	GlobalSection(ProjectConfigurationPlatforms) = postSolution
		{DAABF672-844B-4BA1-BC7E-B5D461B01589}.Debug|Any CPU.ActiveCfg = Debug|Any CPU
		{DAABF672-844B-4BA1-BC7E-B5D461B01589}.Debug|Any CPU.Build.0 = Debug|Any CPU
		{DAABF672-844B-4BA1-BC7E-B5D461B01589}.Release|Any CPU.ActiveCfg = Release|Any CPU
		{DAABF672-844B-4BA1-BC7E-B5D461B01589}.Release|Any CPU.Build.0 = Release|Any CPU
	EndGlobalSection
	GlobalSection(SolutionProperties) = preSolution
		HideSolutionNode = FALSE
	EndGlobalSection
	GlobalSection(ExtensibilityGlobals) = postSolution
		SolutionGuid = {0E4CEFDD-23F2-4E18-BBB1-92F9D634035A}
	EndGlobalSection
EndGlobal
